github.com/calebhiebert/gobbl v0.0.1 h1:lVcjeD1ErVdhC6HQzaeMPd1WjMiqnXk+N1siOty3kcg=
github.com/calebhiebert/gobbl v0.0.1/go.mod h1:DATVw7ATYyQR8cosK0WYTDlbp/y+i0QmEekYeAz36IE=
github.com/go-telegram-bot-api/telegram-bot-api v4.6.4+incompatible h1:2cauKuaELYAEARXRkq2LrJ0yDDv1rW7+wrTEdVL3uaU=
github.com/go-telegram-bot-api/telegram-bot-api v4.6.4+incompatible/go.mod h1:qf9acutJ8cwBUhm1bqgz6Bei9/C/c93FPDljKWwsOgM=
github.com/logrusorgru/aurora v0.0.0-20190428105938-cea283e61946 h1:z+WaKrgu3kCpcdnbK9YG+JThpOCd1nU5jO5ToVmSlR4=
github.com/logrusorgru/aurora v0.0.0-20190428105938-cea283e61946/go.mod h1:7rIyQOR62GCctdiQpZ/zOJlFyk6y+94wXzv6RNZgaR4=
github.com/matoous/go-nanoid v0.0.0-20190515092250-e998f83de84d h1:SZ/jkfEtIP9zCGc+UvWc5+B74ZfY0Apv8+Mih1piI8M=
github.com/matoous/go-nanoid v0.0.0-20190515092250-e998f83de84d/go.mod h1:tCkpafETJHheK6lwruIaDWj0UoZKeHO0C2Gin8bbock=
github.com/technoweenie/multipartstreamer v1.0.1 h1:XRztA5MXiR1TIRHxH2uNxXxaIkKQDeX7m2XsSOlQEnM=
github.com/technoweenie/multipartstreamer v1.0.1/go.mod h1:jNVxdtShOxzAsukZwTSw6MDx5eUJoiEBsSvzDU9uzog=
